// !$*UTF8*$!
{
	archiveVersion = 1;
	classes = {
	};
	objectVersion = 56;
	objects = {

/* Begin PBXBuildFile section */
		6656E6C42A3E499000ECD081 /* QuizAppApp.swift in Sources */ = {isa = PBXBuildFile; fileRef = 6656E6C32A3E499000ECD081 /* QuizAppApp.swift */; };
		6656E6C62A3E499000ECD081 /* QuizListScreen.swift in Sources */ = {isa = PBXBuildFile; fileRef = 6656E6C52A3E499000ECD081 /* QuizListScreen.swift */; };
		6656E6C82A3E499200ECD081 /* Assets.xcassets in Resources */ = {isa = PBXBuildFile; fileRef = 6656E6C72A3E499200ECD081 /* Assets.xcassets */; };
		6656E6CB2A3E499200ECD081 /* Preview Assets.xcassets in Resources */ = {isa = PBXBuildFile; fileRef = 6656E6CA2A3E499200ECD081 /* Preview Assets.xcassets */; };
		6656E6D32A3E4A3000ECD081 /* QuestionListScreen.swift in Sources */ = {isa = PBXBuildFile; fileRef = 6656E6D22A3E4A3000ECD081 /* QuestionListScreen.swift */; };
		6656E6D52A3E4A4C00ECD081 /* QuizGradeScreen.swift in Sources */ = {isa = PBXBuildFile; fileRef = 6656E6D42A3E4A4C00ECD081 /* QuizGradeScreen.swift */; };
		6656E6D82A3E4A6F00ECD081 /* NetworkServiceFactory.swift in Sources */ = {isa = PBXBuildFile; fileRef = 6656E6D72A3E4A6F00ECD081 /* NetworkServiceFactory.swift */; };
		6656E6DB2A3E4A9000ECD081 /* Constants.swift in Sources */ = {isa = PBXBuildFile; fileRef = 6656E6DA2A3E4A9000ECD081 /* Constants.swift */; };
		6656E6DD2A3E4AAB00ECD081 /* RootPresentationModeKey.swift in Sources */ = {isa = PBXBuildFile; fileRef = 6656E6DC2A3E4AAB00ECD081 /* RootPresentationModeKey.swift */; };
		6656E6E02A3E4AD300ECD081 /* QuestionListViewModel.swift in Sources */ = {isa = PBXBuildFile; fileRef = 6656E6DF2A3E4AD300ECD081 /* QuestionListViewModel.swift */; };
		6656E6E22A3E4AE800ECD081 /* QuizListViewModel.swift in Sources */ = {isa = PBXBuildFile; fileRef = 6656E6E12A3E4AE800ECD081 /* QuizListViewModel.swift */; };
		6656E6E42A3E4B0800ECD081 /* QuizSubmission.swift in Sources */ = {isa = PBXBuildFile; fileRef = 6656E6E32A3E4B0800ECD081 /* QuizSubmission.swift */; };
		6656E6E62A3E4B1A00ECD081 /* GradeViewModel.swift in Sources */ = {isa = PBXBuildFile; fileRef = 6656E6E52A3E4B1A00ECD081 /* GradeViewModel.swift */; };
		6656E6EA2A3E4B6100ECD081 /* QuizDTO.swift in Sources */ = {isa = PBXBuildFile; fileRef = 6656E6E92A3E4B6100ECD081 /* QuizDTO.swift */; };
		6656E6ED2A3E4B8000ECD081 /* Webservice.swift in Sources */ = {isa = PBXBuildFile; fileRef = 6656E6EC2A3E4B8000ECD081 /* Webservice.swift */; };
		6656E6EF2A3E4B9900ECD081 /* NetworkService.swift in Sources */ = {isa = PBXBuildFile; fileRef = 6656E6EE2A3E4B9900ECD081 /* NetworkService.swift */; };
		6656E6F12A3E4BC700ECD081 /* QuizData.swift in Sources */ = {isa = PBXBuildFile; fileRef = 6656E6F02A3E4BC700ECD081 /* QuizData.swift */; };
		6656E6F32A3E4C3F00ECD081 /* quizes.json in Resources */ = {isa = PBXBuildFile; fileRef = 6656E6F22A3E4C3F00ECD081 /* quizes.json */; };
		6656E6F52A3E4C6D00ECD081 /* Stories.txt in Resources */ = {isa = PBXBuildFile; fileRef = 6656E6F42A3E4C6D00ECD081 /* Stories.txt */; };
/* End PBXBuildFile section */

/* Begin PBXFileReference section */
		6656E6C02A3E499000ECD081 /* QuizApp.app */ = {isa = PBXFileReference; explicitFileType = wrapper.application; includeInIndex = 0; path = QuizApp.app; sourceTree = BUILT_PRODUCTS_DIR; };
		6656E6C32A3E499000ECD081 /* QuizAppApp.swift */ = {isa = PBXFileReference; lastKnownFileType = sourcecode.swift; path = QuizAppApp.swift; sourceTree = "<group>"; };
		6656E6C52A3E499000ECD081 /* QuizListScreen.swift */ = {isa = PBXFileReference; lastKnownFileType = sourcecode.swift; path = QuizListScreen.swift; sourceTree = "<group>"; };
		6656E6C72A3E499200ECD081 /* Assets.xcassets */ = {isa = PBXFileReference; lastKnownFileType = folder.assetcatalog; path = Assets.xcassets; sourceTree = "<group>"; };
		6656E6CA2A3E499200ECD081 /* Preview Assets.xcassets */ = {isa = PBXFileReference; lastKnownFileType = folder.assetcatalog; path = "Preview Assets.xcassets"; sourceTree = "<group>"; };
		6656E6D22A3E4A3000ECD081 /* QuestionListScreen.swift */ = {isa = PBXFileReference; lastKnownFileType = sourcecode.swift; path = QuestionListScreen.swift; sourceTree = "<group>"; };
		6656E6D42A3E4A4C00ECD081 /* QuizGradeScreen.swift */ = {isa = PBXFileReference; lastKnownFileType = sourcecode.swift; path = QuizGradeScreen.swift; sourceTree = "<group>"; };
		6656E6D72A3E4A6F00ECD081 /* NetworkServiceFactory.swift */ = {isa = PBXFileReference; lastKnownFileType = sourcecode.swift; path = NetworkServiceFactory.swift; sourceTree = "<group>"; };
		6656E6DA2A3E4A9000ECD081 /* Constants.swift */ = {isa = PBXFileReference; lastKnownFileType = sourcecode.swift; path = Constants.swift; sourceTree = "<group>"; };
		6656E6DC2A3E4AAB00ECD081 /* RootPresentationModeKey.swift */ = {isa = PBXFileReference; lastKnownFileType = sourcecode.swift; path = RootPresentationModeKey.swift; sourceTree = "<group>"; };
		6656E6DF2A3E4AD300ECD081 /* QuestionListViewModel.swift */ = {isa = PBXFileReference; lastKnownFileType = sourcecode.swift; path = QuestionListViewModel.swift; sourceTree = "<group>"; };
		6656E6E12A3E4AE800ECD081 /* QuizListViewModel.swift */ = {isa = PBXFileReference; lastKnownFileType = sourcecode.swift; path = QuizListViewModel.swift; sourceTree = "<group>"; };
		6656E6E32A3E4B0800ECD081 /* QuizSubmission.swift */ = {isa = PBXFileReference; lastKnownFileType = sourcecode.swift; path = QuizSubmission.swift; sourceTree = "<group>"; };
		6656E6E52A3E4B1A00ECD081 /* GradeViewModel.swift */ = {isa = PBXFileReference; lastKnownFileType = sourcecode.swift; path = GradeViewModel.swift; sourceTree = "<group>"; };
		6656E6E92A3E4B6100ECD081 /* QuizDTO.swift */ = {isa = PBXFileReference; lastKnownFileType = sourcecode.swift; path = QuizDTO.swift; sourceTree = "<group>"; };
		6656E6EC2A3E4B8000ECD081 /* Webservice.swift */ = {isa = PBXFileReference; lastKnownFileType = sourcecode.swift; path = Webservice.swift; sourceTree = "<group>"; };
		6656E6EE2A3E4B9900ECD081 /* NetworkService.swift */ = {isa = PBXFileReference; lastKnownFileType = sourcecode.swift; path = NetworkService.swift; sourceTree = "<group>"; };
		6656E6F02A3E4BC700ECD081 /* QuizData.swift */ = {isa = PBXFileReference; lastKnownFileType = sourcecode.swift; path = QuizData.swift; sourceTree = "<group>"; };
		6656E6F22A3E4C3F00ECD081 /* quizes.json */ = {isa = PBXFileReference; fileEncoding = 4; lastKnownFileType = text.json; path = quizes.json; sourceTree = "<group>"; };
		6656E6F42A3E4C6D00ECD081 /* Stories.txt */ = {isa = PBXFileReference; fileEncoding = 4; lastKnownFileType = text; path = Stories.txt; sourceTree = "<group>"; };
/* End PBXFileReference section */

/* Begin PBXFrameworksBuildPhase section */
		6656E6BD2A3E499000ECD081 /* Frameworks */ = {
			isa = PBXFrameworksBuildPhase;
			buildActionMask = 2147483647;
			files = (
			);
			runOnlyForDeploymentPostprocessing = 0;
		};
/* End PBXFrameworksBuildPhase section */

/* Begin PBXGroup section */
		6656E6B72A3E499000ECD081 = {
			isa = PBXGroup;
			children = (
				6656E6C22A3E499000ECD081 /* QuizApp */,
				6656E6C12A3E499000ECD081 /* Products */,
			);
			sourceTree = "<group>";
		};
		6656E6C12A3E499000ECD081 /* Products */ = {
			isa = PBXGroup;
			children = (
				6656E6C02A3E499000ECD081 /* QuizApp.app */,
			);
			name = Products;
			sourceTree = "<group>";
		};
		6656E6C22A3E499000ECD081 /* QuizApp */ = {
			isa = PBXGroup;
			children = (
				6656E6F42A3E4C6D00ECD081 /* Stories.txt */,
				6656E6C32A3E499000ECD081 /* QuizAppApp.swift */,
				6656E6EB2A3E4B7500ECD081 /* Services */,
				6656E6E82A3E4B4500ECD081 /* DTOs */,
				6656E6D62A3E4A6100ECD081 /* Factories */,
				6656E6D92A3E4A8400ECD081 /* Utils */,
				6656E6E72A3E4B2800ECD081 /* Models */,
				6656E6D12A3E4A0B00ECD081 /* Views */,
				6656E6DE2A3E4AC300ECD081 /* ViewModels */,
				6656E6C72A3E499200ECD081 /* Assets.xcassets */,
				6656E6C92A3E499200ECD081 /* Preview Content */,
			);
			path = QuizApp;
			sourceTree = "<group>";
		};
		6656E6C92A3E499200ECD081 /* Preview Content */ = {
			isa = PBXGroup;
			children = (
				6656E6CA2A3E499200ECD081 /* Preview Assets.xcassets */,
				6656E6F02A3E4BC700ECD081 /* QuizData.swift */,
				6656E6F22A3E4C3F00ECD081 /* quizes.json */,
			);
			path = "Preview Content";
			sourceTree = "<group>";
		};
		6656E6D12A3E4A0B00ECD081 /* Views */ = {
			isa = PBXGroup;
			children = (
				6656E6C52A3E499000ECD081 /* QuizListScreen.swift */,
				6656E6D22A3E4A3000ECD081 /* QuestionListScreen.swift */,
				6656E6D42A3E4A4C00ECD081 /* QuizGradeScreen.swift */,
			);
			path = Views;
			sourceTree = "<group>";
		};
		6656E6D62A3E4A6100ECD081 /* Factories */ = {
			isa = PBXGroup;
			children = (
				6656E6D72A3E4A6F00ECD081 /* NetworkServiceFactory.swift */,
			);
			path = Factories;
			sourceTree = "<group>";
		};
		6656E6D92A3E4A8400ECD081 /* Utils */ = {
			isa = PBXGroup;
			children = (
				6656E6DA2A3E4A9000ECD081 /* Constants.swift */,
				6656E6DC2A3E4AAB00ECD081 /* RootPresentationModeKey.swift */,
			);
			path = Utils;
			sourceTree = "<group>";
		};
		6656E6DE2A3E4AC300ECD081 /* ViewModels */ = {
			isa = PBXGroup;
			children = (
				6656E6DF2A3E4AD300ECD081 /* QuestionListViewModel.swift */,
				6656E6E12A3E4AE800ECD081 /* QuizListViewModel.swift */,
				6656E6E32A3E4B0800ECD081 /* QuizSubmission.swift */,
				6656E6E52A3E4B1A00ECD081 /* GradeViewModel.swift */,
			);
			path = ViewModels;
			sourceTree = "<group>";
		};
		6656E6E72A3E4B2800ECD081 /* Models */ = {
			isa = PBXGroup;
			children = (
			);
			path = Models;
			sourceTree = "<group>";
		};
		6656E6E82A3E4B4500ECD081 /* DTOs */ = {
			isa = PBXGroup;
			children = (
				6656E6E92A3E4B6100ECD081 /* QuizDTO.swift */,
			);
			path = DTOs;
			sourceTree = "<group>";
		};
		6656E6EB2A3E4B7500ECD081 /* Services */ = {
			isa = PBXGroup;
			children = (
				6656E6EC2A3E4B8000ECD081 /* Webservice.swift */,
				6656E6EE2A3E4B9900ECD081 /* NetworkService.swift */,
			);
			path = Services;
			sourceTree = "<group>";
		};
/* End PBXGroup section */

/* Begin PBXNativeTarget section */
		6656E6BF2A3E499000ECD081 /* QuizApp */ = {
			isa = PBXNativeTarget;
			buildConfigurationList = 6656E6CE2A3E499200ECD081 /* Build configuration list for PBXNativeTarget "QuizApp" */;
			buildPhases = (
				6656E6BC2A3E499000ECD081 /* Sources */,
				6656E6BD2A3E499000ECD081 /* Frameworks */,
				6656E6BE2A3E499000ECD081 /* Resources */,
			);
			buildRules = (
			);
			dependencies = (
			);
			name = QuizApp;
			productName = QuizApp;
			productReference = 6656E6C02A3E499000ECD081 /* QuizApp.app */;
			productType = "com.apple.product-type.application";
		};
/* End PBXNativeTarget section */

/* Begin PBXProject section */
		6656E6B82A3E499000ECD081 /* Project object */ = {
			isa = PBXProject;
			attributes = {
				BuildIndependentTargetsInParallel = 1;
				LastSwiftUpdateCheck = 1430;
				LastUpgradeCheck = 1430;
				TargetAttributes = {
					6656E6BF2A3E499000ECD081 = {
						CreatedOnToolsVersion = 14.3.1;
					};
				};
			};
			buildConfigurationList = 6656E6BB2A3E499000ECD081 /* Build configuration list for PBXProject "QuizApp" */;
			compatibilityVersion = "Xcode 14.0";
			developmentRegion = en;
			hasScannedForEncodings = 0;
			knownRegions = (
				en,
				Base,
			);
			mainGroup = 6656E6B72A3E499000ECD081;
			productRefGroup = 6656E6C12A3E499000ECD081 /* Products */;
			projectDirPath = "";
			projectRoot = "";
			targets = (
				6656E6BF2A3E499000ECD081 /* QuizApp */,
			);
		};
/* End PBXProject section */

/* Begin PBXResourcesBuildPhase section */
		6656E6BE2A3E499000ECD081 /* Resources */ = {
			isa = PBXResourcesBuildPhase;
			buildActionMask = 2147483647;
			files = (
				6656E6CB2A3E499200ECD081 /* Preview Assets.xcassets in Resources */,
				6656E6C82A3E499200ECD081 /* Assets.xcassets in Resources */,
				6656E6F52A3E4C6D00ECD081 /* Stories.txt in Resources */,
				6656E6F32A3E4C3F00ECD081 /* quizes.json in Resources */,
			);
			runOnlyForDeploymentPostprocessing = 0;
		};
/* End PBXResourcesBuildPhase section */

/* Begin PBXSourcesBuildPhase section */
		6656E6BC2A3E499000ECD081 /* Sources */ = {
			isa = PBXSourcesBuildPhase;
			buildActionMask = 2147483647;
			files = (
				6656E6D52A3E4A4C00ECD081 /* QuizGradeScreen.swift in Sources */,
				6656E6C62A3E499000ECD081 /* QuizListScreen.swift in Sources */,
				6656E6E22A3E4AE800ECD081 /* QuizListViewModel.swift in Sources */,
				6656E6D82A3E4A6F00ECD081 /* NetworkServiceFactory.swift in Sources */,
				6656E6D32A3E4A3000ECD081 /* QuestionListScreen.swift in Sources */,
				6656E6DD2A3E4AAB00ECD081 /* RootPresentationModeKey.swift in Sources */,
				6656E6EF2A3E4B9900ECD081 /* NetworkService.swift in Sources */,
				6656E6C42A3E499000ECD081 /* QuizAppApp.swift in Sources */,
				6656E6E02A3E4AD300ECD081 /* QuestionListViewModel.swift in Sources */,
				6656E6EA2A3E4B6100ECD081 /* QuizDTO.swift in Sources */,
				6656E6E62A3E4B1A00ECD081 /* GradeViewModel.swift in Sources */,
				6656E6ED2A3E4B8000ECD081 /* Webservice.swift in Sources */,
				6656E6E42A3E4B0800ECD081 /* QuizSubmission.swift in Sources */,
				6656E6F12A3E4BC700ECD081 /* QuizData.swift in Sources */,
				6656E6DB2A3E4A9000ECD081 /* Constants.swift in Sources */,
			);
			runOnlyForDeploymentPostprocessing = 0;
		};
/* End PBXSourcesBuildPhase section */

/* Begin XCBuildConfiguration section */
		6656E6CC2A3E499200ECD081 /* Debug */ = {
			isa = XCBuildConfiguration;
			buildSettings = {
				ALWAYS_SEARCH_USER_PATHS = NO;
				CLANG_ANALYZER_NONNULL = YES;
				CLANG_ANALYZER_NUMBER_OBJECT_CONVERSION = YES_AGGRESSIVE;
				CLANG_CXX_LANGUAGE_STANDARD = "gnu++20";
				CLANG_ENABLE_MODULES = YES;
				CLANG_ENABLE_OBJC_ARC = YES;
				CLANG_ENABLE_OBJC_WEAK = YES;
				CLANG_WARN_BLOCK_CAPTURE_AUTORELEASING = YES;
				CLANG_WARN_BOOL_CONVERSION = YES;
				CLANG_WARN_COMMA = YES;
				CLANG_WARN_CONSTANT_CONVERSION = YES;
				CLANG_WARN_DEPRECATED_OBJC_IMPLEMENTATIONS = YES;
				CLANG_WARN_DIRECT_OBJC_ISA_USAGE = YES_ERROR;
				CLANG_WARN_DOCUMENTATION_COMMENTS = YES;
				CLANG_WARN_EMPTY_BODY = YES;
				CLANG_WARN_ENUM_CONVERSION = YES;
				CLANG_WARN_INFINITE_RECURSION = YES;
				CLANG_WARN_INT_CONVERSION = YES;
				CLANG_WARN_NON_LITERAL_NULL_CONVERSION = YES;
				CLANG_WARN_OBJC_IMPLICIT_RETAIN_SELF = YES;
				CLANG_WARN_OBJC_LITERAL_CONVERSION = YES;
				CLANG_WARN_OBJC_ROOT_CLASS = YES_ERROR;
				CLANG_WARN_QUOTED_INCLUDE_IN_FRAMEWORK_HEADER = YES;
				CLANG_WARN_RANGE_LOOP_ANALYSIS = YES;
				CLANG_WARN_STRICT_PROTOTYPES = YES;
				CLANG_WARN_SUSPICIOUS_MOVE = YES;
				CLANG_WARN_UNGUARDED_AVAILABILITY = YES_AGGRESSIVE;
				CLANG_WARN_UNREACHABLE_CODE = YES;
				CLANG_WARN__DUPLICATE_METHOD_MATCH = YES;
				COPY_PHASE_STRIP = NO;
				DEBUG_INFORMATION_FORMAT = dwarf;
				ENABLE_STRICT_OBJC_MSGSEND = YES;
				ENABLE_TESTABILITY = YES;
				GCC_C_LANGUAGE_STANDARD = gnu11;
				GCC_DYNAMIC_NO_PIC = NO;
				GCC_NO_COMMON_BLOCKS = YES;
				GCC_OPTIMIZATION_LEVEL = 0;
				GCC_PREPROCESSOR_DEFINITIONS = (
					"DEBUG=1",
					"$(inherited)",
				);
				GCC_WARN_64_TO_32_BIT_CONVERSION = YES;
				GCC_WARN_ABOUT_RETURN_TYPE = YES_ERROR;
				GCC_WARN_UNDECLARED_SELECTOR = YES;
				GCC_WARN_UNINITIALIZED_AUTOS = YES_AGGRESSIVE;
				GCC_WARN_UNUSED_FUNCTION = YES;
				GCC_WARN_UNUSED_VARIABLE = YES;
				IPHONEOS_DEPLOYMENT_TARGET = 16.4;
				MTL_ENABLE_DEBUG_INFO = INCLUDE_SOURCE;
				MTL_FAST_MATH = YES;
				ONLY_ACTIVE_ARCH = YES;
				SDKROOT = iphoneos;
				SWIFT_ACTIVE_COMPILATION_CONDITIONS = DEBUG;
				SWIFT_OPTIMIZATION_LEVEL = "-Onone";
			};
			name = Debug;
		};
		6656E6CD2A3E499200ECD081 /* Release */ = {
			isa = XCBuildConfiguration;
			buildSettings = {
				ALWAYS_SEARCH_USER_PATHS = NO;
				CLANG_ANALYZER_NONNULL = YES;
				CLANG_ANALYZER_NUMBER_OBJECT_CONVERSION = YES_AGGRESSIVE;
				CLANG_CXX_LANGUAGE_STANDARD = "gnu++20";
				CLANG_ENABLE_MODULES = YES;
				CLANG_ENABLE_OBJC_ARC = YES;
				CLANG_ENABLE_OBJC_WEAK = YES;
				CLANG_WARN_BLOCK_CAPTURE_AUTORELEASING = YES;
				CLANG_WARN_BOOL_CONVERSION = YES;
				CLANG_WARN_COMMA = YES;
				CLANG_WARN_CONSTANT_CONVERSION = YES;
				CLANG_WARN_DEPRECATED_OBJC_IMPLEMENTATIONS = YES;
				CLANG_WARN_DIRECT_OBJC_ISA_USAGE = YES_ERROR;
				CLANG_WARN_DOCUMENTATION_COMMENTS = YES;
				CLANG_WARN_EMPTY_BODY = YES;
				CLANG_WARN_ENUM_CONVERSION = YES;
				CLANG_WARN_INFINITE_RECURSION = YES;
				CLANG_WARN_INT_CONVERSION = YES;
				CLANG_WARN_NON_LITERAL_NULL_CONVERSION = YES;
				CLANG_WARN_OBJC_IMPLICIT_RETAIN_SELF = YES;
				CLANG_WARN_OBJC_LITERAL_CONVERSION = YES;
				CLANG_WARN_OBJC_ROOT_CLASS = YES_ERROR;
				CLANG_WARN_QUOTED_INCLUDE_IN_FRAMEWORK_HEADER = YES;
				CLANG_WARN_RANGE_LOOP_ANALYSIS = YES;
				CLANG_WARN_STRICT_PROTOTYPES = YES;
				CLANG_WARN_SUSPICIOUS_MOVE = YES;
				CLANG_WARN_UNGUARDED_AVAILABILITY = YES_AGGRESSIVE;
				CLANG_WARN_UNREACHABLE_CODE = YES;
				CLANG_WARN__DUPLICATE_METHOD_MATCH = YES;
				COPY_PHASE_STRIP = NO;
				DEBUG_INFORMATION_FORMAT = "dwarf-with-dsym";
				ENABLE_NS_ASSERTIONS = NO;
				ENABLE_STRICT_OBJC_MSGSEND = YES;
				GCC_C_LANGUAGE_STANDARD = gnu11;
				GCC_NO_COMMON_BLOCKS = YES;
				GCC_WARN_64_TO_32_BIT_CONVERSION = YES;
				GCC_WARN_ABOUT_RETURN_TYPE = YES_ERROR;
				GCC_WARN_UNDECLARED_SELECTOR = YES;
				GCC_WARN_UNINITIALIZED_AUTOS = YES_AGGRESSIVE;
				GCC_WARN_UNUSED_FUNCTION = YES;
				GCC_WARN_UNUSED_VARIABLE = YES;
				IPHONEOS_DEPLOYMENT_TARGET = 16.4;
				MTL_ENABLE_DEBUG_INFO = NO;
				MTL_FAST_MATH = YES;
				SDKROOT = iphoneos;
				SWIFT_COMPILATION_MODE = wholemodule;
				SWIFT_OPTIMIZATION_LEVEL = "-O";
				VALIDATE_PRODUCT = YES;
			};
			name = Release;
		};
		6656E6CF2A3E499200ECD081 /* Debug */ = {
			isa = XCBuildConfiguration;
			buildSettings = {
				ASSETCATALOG_COMPILER_APPICON_NAME = AppIcon;
				ASSETCATALOG_COMPILER_GLOBAL_ACCENT_COLOR_NAME = AccentColor;
				CODE_SIGN_STYLE = Automatic;
				CURRENT_PROJECT_VERSION = 1;
				DEVELOPMENT_ASSET_PATHS = "\"QuizApp/Preview Content\"";
				DEVELOPMENT_TEAM = 28BW499ZN4;
				ENABLE_PREVIEWS = YES;
				GENERATE_INFOPLIST_FILE = YES;
				INFOPLIST_KEY_UIApplicationSceneManifest_Generation = YES;
				INFOPLIST_KEY_UIApplicationSupportsIndirectInputEvents = YES;
				INFOPLIST_KEY_UILaunchScreen_Generation = YES;
				INFOPLIST_KEY_UISupportedInterfaceOrientations_iPad = "UIInterfaceOrientationPortrait UIInterfaceOrientationPortraitUpsideDown UIInterfaceOrientationLandscapeLeft UIInterfaceOrientationLandscapeRight";
				INFOPLIST_KEY_UISupportedInterfaceOrientations_iPhone = "UIInterfaceOrientationPortrait UIInterfaceOrientationLandscapeLeft UIInterfaceOrientationLandscapeRight";
				LD_RUNPATH_SEARCH_PATHS = (
					"$(inherited)",
					"@executable_path/Frameworks",
				);
				MARKETING_VERSION = 1.0;
				PRODUCT_BUNDLE_IDENTIFIER = krys;
				PRODUCT_NAME = "$(TARGET_NAME)";
				SWIFT_EMIT_LOC_STRINGS = YES;
				SWIFT_VERSION = 5.0;
				TARGETED_DEVICE_FAMILY = "1,2";
			};
			name = Debug;
		};
		6656E6D02A3E499200ECD081 /* Release */ = {
			isa = XCBuildConfiguration;
			buildSettings = {
				ASSETCATALOG_COMPILER_APPICON_NAME = AppIcon;
				ASSETCATALOG_COMPILER_GLOBAL_ACCENT_COLOR_NAME = AccentColor;
				CODE_SIGN_STYLE = Automatic;
				CURRENT_PROJECT_VERSION = 1;
				DEVELOPMENT_ASSET_PATHS = "\"QuizApp/Preview Content\"";
				DEVELOPMENT_TEAM = 28BW499ZN4;
				ENABLE_PREVIEWS = YES;
				GENERATE_INFOPLIST_FILE = YES;
				INFOPLIST_KEY_UIApplicationSceneManifest_Generation = YES;
				INFOPLIST_KEY_UIApplicationSupportsIndirectInputEvents = YES;
				INFOPLIST_KEY_UILaunchScreen_Generation = YES;
				INFOPLIST_KEY_UISupportedInterfaceOrientations_iPad = "UIInterfaceOrientationPortrait UIInterfaceOrientationPortraitUpsideDown UIInterfaceOrientationLandscapeLeft UIInterfaceOrientationLandscapeRight";
				INFOPLIST_KEY_UISupportedInterfaceOrientations_iPhone = "UIInterfaceOrientationPortrait UIInterfaceOrientationLandscapeLeft UIInterfaceOrientationLandscapeRight";
				LD_RUNPATH_SEARCH_PATHS = (
					"$(inherited)",
					"@executable_path/Frameworks",
				);
				MARKETING_VERSION = 1.0;
				PRODUCT_BUNDLE_IDENTIFIER = krys;
				PRODUCT_NAME = "$(TARGET_NAME)";
				SWIFT_EMIT_LOC_STRINGS = YES;
				SWIFT_VERSION = 5.0;
				TARGETED_DEVICE_FAMILY = "1,2";
			};
			name = Release;
		};
/* End XCBuildConfiguration section */

/* Begin XCConfigurationList section */
		6656E6BB2A3E499000ECD081 /* Build configuration list for PBXProject "QuizApp" */ = {
			isa = XCConfigurationList;
			buildConfigurations = (
				6656E6CC2A3E499200ECD081 /* Debug */,
				6656E6CD2A3E499200ECD081 /* Release */,
			);
			defaultConfigurationIsVisible = 0;
			defaultConfigurationName = Release;
		};
		6656E6CE2A3E499200ECD081 /* Build configuration list for PBXNativeTarget "QuizApp" */ = {
			isa = XCConfigurationList;
			buildConfigurations = (
				6656E6CF2A3E499200ECD081 /* Debug */,
				6656E6D02A3E499200ECD081 /* Release */,
			);
			defaultConfigurationIsVisible = 0;
			defaultConfigurationName = Release;
		};
/* End XCConfigurationList section */
	};
	rootObject = 6656E6B82A3E499000ECD081 /* Project object */;
}
